
Microsoft Visual Studio Solution File, Format Version 12.00
# Visual Studio 15
VisualStudioVersion = 15.0.28010.2046
MinimumVisualStudioVersion = 10.0.40219.1
Project("{FAE04EC0-301F-11D3-BF4B-00C04F79EFBC}") = "CityStructure", "CityStructure\CityStructure.csproj", "{7F66B2EF-F9FB-480E-BA39-A02EFA0E95A6}"
EndProject
Global
	GlobalSection(SolutionConfigurationPlatforms) = preSolution
		Debug|Any CPU = Debug|Any CPU
		Release|Any CPU = Release|Any CPU
	EndGlobalSection
	GlobalSection(ProjectConfigurationPlatforms) = postSolution
		{7F66B2EF-F9FB-480E-BA39-A02EFA0E95A6}.Debug|Any CPU.ActiveCfg = Debug|Any CPU
		{7F66B2EF-F9FB-480E-BA39-A02EFA0E95A6}.Debug|Any CPU.Build.0 = Debug|Any CPU
		{7F66B2EF-F9FB-480E-BA39-A02EFA0E95A6}.Release|Any CPU.ActiveCfg = Release|Any CPU
		{7F66B2EF-F9FB-480E-BA39-A02EFA0E95A6}.Release|Any CPU.Build.0 = Release|Any CPU
	EndGlobalSection
	GlobalSection(SolutionProperties) = preSolution
		HideSolutionNode = FALSE
	EndGlobalSection
	GlobalSection(ExtensibilityGlobals) = postSolution
		SolutionGuid = {E216ED58-48D5-43F8-877D-275CDCB99673}
	EndGlobalSection
EndGlobal
